
Microsoft Visual Studio Solution File, Format Version 12.00
# Visual Studio 14
VisualStudioVersion = 14.0.25420.1
MinimumVisualStudioVersion = 10.0.40219.1
Project("{FAE04EC0-301F-11D3-BF4B-00C04F79EFBC}") = "MyFirstAppXamarin.Droid", "MyFirstAppXamarin\MyFirstAppXamarin.Droid\MyFirstAppXamarin.Droid.csproj", "{35DFF542-12E4-4B1B-B8A9-FBEF8491AC27}"
EndProject
Project("{FAE04EC0-301F-11D3-BF4B-00C04F79EFBC}") = "MyFirstAppXamarin.iOS", "MyFirstAppXamarin\MyFirstAppXamarin.iOS\MyFirstAppXamarin.iOS.csproj", "{CFF23091-0A09-49C7-97A1-BE031411BC64}"
EndProject
Project("{FAE04EC0-301F-11D3-BF4B-00C04F79EFBC}") = "MyFirstAppXamarin", "MyFirstAppXamarin\MyFirstAppXamarin\MyFirstAppXamarin.csproj", "{523D4C8A-3198-4819-8419-419214591A1B}"
EndProject
Global
	GlobalSection(SolutionConfigurationPlatforms) = preSolution
		Debug|Any CPU = Debug|Any CPU
		Debug|ARM = Debug|ARM
		Debug|iPhone = Debug|iPhone
		Debug|iPhoneSimulator = Debug|iPhoneSimulator
		Debug|x86 = Debug|x86
		Release|Any CPU = Release|Any CPU
		Release|ARM = Release|ARM
		Release|iPhone = Release|iPhone
		Release|iPhoneSimulator = Release|iPhoneSimulator
		Release|x86 = Release|x86
	EndGlobalSection
	GlobalSection(ProjectConfigurationPlatforms) = postSolution
		{35DFF542-12E4-4B1B-B8A9-FBEF8491AC27}.Debug|Any CPU.ActiveCfg = Debug|Any CPU
		{35DFF542-12E4-4B1B-B8A9-FBEF8491AC27}.Debug|Any CPU.Build.0 = Debug|Any CPU
		{35DFF542-12E4-4B1B-B8A9-FBEF8491AC27}.Debug|Any CPU.Deploy.0 = Debug|Any CPU
		{35DFF542-12E4-4B1B-B8A9-FBEF8491AC27}.Debug|ARM.ActiveCfg = Debug|Any CPU
		{35DFF542-12E4-4B1B-B8A9-FBEF8491AC27}.Debug|ARM.Build.0 = Debug|Any CPU
		{35DFF542-12E4-4B1B-B8A9-FBEF8491AC27}.Debug|ARM.Deploy.0 = Debug|Any CPU
		{35DFF542-12E4-4B1B-B8A9-FBEF8491AC27}.Debug|iPhone.ActiveCfg = Debug|Any CPU
		{35DFF542-12E4-4B1B-B8A9-FBEF8491AC27}.Debug|iPhone.Build.0 = Debug|Any CPU
		{35DFF542-12E4-4B1B-B8A9-FBEF8491AC27}.Debug|iPhone.Deploy.0 = Debug|Any CPU
		{35DFF542-12E4-4B1B-B8A9-FBEF8491AC27}.Debug|iPhoneSimulator.ActiveCfg = Debug|Any CPU
		{35DFF542-12E4-4B1B-B8A9-FBEF8491AC27}.Debug|iPhoneSimulator.Build.0 = Debug|Any CPU
		{35DFF542-12E4-4B1B-B8A9-FBEF8491AC27}.Debug|iPhoneSimulator.Deploy.0 = Debug|Any CPU
		{35DFF542-12E4-4B1B-B8A9-FBEF8491AC27}.Debug|x86.ActiveCfg = Debug|Any CPU
		{35DFF542-12E4-4B1B-B8A9-FBEF8491AC27}.Debug|x86.Build.0 = Debug|Any CPU
		{35DFF542-12E4-4B1B-B8A9-FBEF8491AC27}.Debug|x86.Deploy.0 = Debug|Any CPU
		{35DFF542-12E4-4B1B-B8A9-FBEF8491AC27}.Release|Any CPU.ActiveCfg = Release|Any CPU
		{35DFF542-12E4-4B1B-B8A9-FBEF8491AC27}.Release|Any CPU.Build.0 = Release|Any CPU
		{35DFF542-12E4-4B1B-B8A9-FBEF8491AC27}.Release|Any CPU.Deploy.0 = Release|Any CPU
		{35DFF542-12E4-4B1B-B8A9-FBEF8491AC27}.Release|ARM.ActiveCfg = Release|Any CPU
		{35DFF542-12E4-4B1B-B8A9-FBEF8491AC27}.Release|ARM.Build.0 = Release|Any CPU
		{35DFF542-12E4-4B1B-B8A9-FBEF8491AC27}.Release|ARM.Deploy.0 = Release|Any CPU
		{35DFF542-12E4-4B1B-B8A9-FBEF8491AC27}.Release|iPhone.ActiveCfg = Release|Any CPU
		{35DFF542-12E4-4B1B-B8A9-FBEF8491AC27}.Release|iPhone.Build.0 = Release|Any CPU
		{35DFF542-12E4-4B1B-B8A9-FBEF8491AC27}.Release|iPhone.Deploy.0 = Release|Any CPU
		{35DFF542-12E4-4B1B-B8A9-FBEF8491AC27}.Release|iPhoneSimulator.ActiveCfg = Release|Any CPU
		{35DFF542-12E4-4B1B-B8A9-FBEF8491AC27}.Release|iPhoneSimulator.Build.0 = Release|Any CPU
		{35DFF542-12E4-4B1B-B8A9-FBEF8491AC27}.Release|iPhoneSimulator.Deploy.0 = Release|Any CPU
		{35DFF542-12E4-4B1B-B8A9-FBEF8491AC27}.Release|x86.ActiveCfg = Release|Any CPU
		{35DFF542-12E4-4B1B-B8A9-FBEF8491AC27}.Release|x86.Build.0 = Release|Any CPU
		{35DFF542-12E4-4B1B-B8A9-FBEF8491AC27}.Release|x86.Deploy.0 = Release|Any CPU
		{CFF23091-0A09-49C7-97A1-BE031411BC64}.Debug|Any CPU.ActiveCfg = Debug|iPhone
		{CFF23091-0A09-49C7-97A1-BE031411BC64}.Debug|ARM.ActiveCfg = Debug|iPhone
		{CFF23091-0A09-49C7-97A1-BE031411BC64}.Debug|iPhone.ActiveCfg = Debug|iPhone
		{CFF23091-0A09-49C7-97A1-BE031411BC64}.Debug|iPhone.Build.0 = Debug|iPhone
		{CFF23091-0A09-49C7-97A1-BE031411BC64}.Debug|iPhoneSimulator.ActiveCfg = Debug|iPhoneSimulator
		{CFF23091-0A09-49C7-97A1-BE031411BC64}.Debug|iPhoneSimulator.Build.0 = Debug|iPhoneSimulator
		{CFF23091-0A09-49C7-97A1-BE031411BC64}.Debug|x86.ActiveCfg = Debug|iPhone
		{CFF23091-0A09-49C7-97A1-BE031411BC64}.Release|Any CPU.ActiveCfg = Release|iPhone
		{CFF23091-0A09-49C7-97A1-BE031411BC64}.Release|ARM.ActiveCfg = Release|iPhone
		{CFF23091-0A09-49C7-97A1-BE031411BC64}.Release|iPhone.ActiveCfg = Release|iPhone
		{CFF23091-0A09-49C7-97A1-BE031411BC64}.Release|iPhone.Build.0 = Release|iPhone
		{CFF23091-0A09-49C7-97A1-BE031411BC64}.Release|iPhoneSimulator.ActiveCfg = Release|iPhoneSimulator
		{CFF23091-0A09-49C7-97A1-BE031411BC64}.Release|iPhoneSimulator.Build.0 = Release|iPhoneSimulator
		{CFF23091-0A09-49C7-97A1-BE031411BC64}.Release|x86.ActiveCfg = Release|iPhone
		{523D4C8A-3198-4819-8419-419214591A1B}.Debug|Any CPU.ActiveCfg = Debug|Any CPU
		{523D4C8A-3198-4819-8419-419214591A1B}.Debug|Any CPU.Build.0 = Debug|Any CPU
		{523D4C8A-3198-4819-8419-419214591A1B}.Debug|ARM.ActiveCfg = Debug|Any CPU
		{523D4C8A-3198-4819-8419-419214591A1B}.Debug|ARM.Build.0 = Debug|Any CPU
		{523D4C8A-3198-4819-8419-419214591A1B}.Debug|iPhone.ActiveCfg = Debug|Any CPU
		{523D4C8A-3198-4819-8419-419214591A1B}.Debug|iPhone.Build.0 = Debug|Any CPU
		{523D4C8A-3198-4819-8419-419214591A1B}.Debug|iPhoneSimulator.ActiveCfg = Debug|Any CPU
		{523D4C8A-3198-4819-8419-419214591A1B}.Debug|iPhoneSimulator.Build.0 = Debug|Any CPU
		{523D4C8A-3198-4819-8419-419214591A1B}.Debug|x86.ActiveCfg = Debug|Any CPU
		{523D4C8A-3198-4819-8419-419214591A1B}.Debug|x86.Build.0 = Debug|Any CPU
		{523D4C8A-3198-4819-8419-419214591A1B}.Release|Any CPU.ActiveCfg = Release|Any CPU
		{523D4C8A-3198-4819-8419-419214591A1B}.Release|Any CPU.Build.0 = Release|Any CPU
		{523D4C8A-3198-4819-8419-419214591A1B}.Release|ARM.ActiveCfg = Release|Any CPU
		{523D4C8A-3198-4819-8419-419214591A1B}.Release|ARM.Build.0 = Release|Any CPU
		{523D4C8A-3198-4819-8419-419214591A1B}.Release|iPhone.ActiveCfg = Release|Any CPU
		{523D4C8A-3198-4819-8419-419214591A1B}.Release|iPhone.Build.0 = Release|Any CPU
		{523D4C8A-3198-4819-8419-419214591A1B}.Release|iPhoneSimulator.ActiveCfg = Release|Any CPU
		{523D4C8A-3198-4819-8419-419214591A1B}.Release|iPhoneSimulator.Build.0 = Release|Any CPU
		{523D4C8A-3198-4819-8419-419214591A1B}.Release|x86.ActiveCfg = Release|Any CPU
		{523D4C8A-3198-4819-8419-419214591A1B}.Release|x86.Build.0 = Release|Any CPU
	EndGlobalSection
	GlobalSection(SolutionProperties) = preSolution
		HideSolutionNode = FALSE
	EndGlobalSection
EndGlobal
